# THIS IS AN AUTOGENERATED FILE. DO NOT EDIT THIS FILE DIRECTLY.
# yarn lockfile v1


"@uniswap/lib@1.1.1":
  version "1.1.1"
  resolved "http://npm.perfma-inc.net:80/@uniswap%2flib/-/lib-1.1.1.tgz#0afd29601846c16e5d082866cbb24a9e0758e6bc"
  integrity sha1-Cv0pYBhGwW5dCChmy7JKngdY5rw=

"@uniswap/v2-core@1.0.0":
  version "1.0.0"
  resolved "http://npm.perfma-inc.net:80/@uniswap%2fv2-core/-/v2-core-1.0.0.tgz#e0fab91a7d53e8cafb5326ae4ca18351116b0844"
  integrity sha1-4Pq5Gn1T6Mr7UyauTKGDURFrCEQ=

"@uniswap/v2-core@^1.0.1":
  version "1.0.1"
  resolved "http://npm.perfma-inc.net:80/@uniswap%2fv2-core/-/v2-core-1.0.1.tgz#af8f508bf183204779938969e2e54043e147d425"
  integrity sha1-r49Qi/GDIEd5k4lp4uVAQ+FH1CU=

"@uniswap/v2-periphery@^1.1.0-beta.0":
  version "1.1.0-beta.0"
  resolved "http://npm.perfma-inc.net:80/@uniswap%2fv2-periphery/-/v2-periphery-1.1.0-beta.0.tgz#20a4ccfca22f1a45402303aedb5717b6918ebe6d"
  integrity sha1-IKTM/KIvGkVAIwOu21cXtpGOvm0=
  dependencies:
    "@uniswap/lib" "1.1.1"
    "@uniswap/v2-core" "1.0.0"
